
Microsoft Visual Studio Solution File, Format Version 12.00
# Visual Studio Version 17
VisualStudioVersion = 17.10.35122.118
MinimumVisualStudioVersion = 10.0.40219.1
Project("{FAE04EC0-301F-11D3-BF4B-00C04F79EFBC}") = "API1", "API1\API1.csproj", "{1F841D60-B650-4AD7-BDE7-8AEAAFE80AF8}"
EndProject
Global
	GlobalSection(SolutionConfigurationPlatforms) = preSolution
		Debug|Any CPU = Debug|Any CPU
		Release|Any CPU = Release|Any CPU
	EndGlobalSection
	GlobalSection(ProjectConfigurationPlatforms) = postSolution
		{1F841D60-B650-4AD7-BDE7-8AEAAFE80AF8}.Debug|Any CPU.ActiveCfg = Debug|Any CPU
		{1F841D60-B650-4AD7-BDE7-8AEAAFE80AF8}.Debug|Any CPU.Build.0 = Debug|Any CPU
		{1F841D60-B650-4AD7-BDE7-8AEAAFE80AF8}.Release|Any CPU.ActiveCfg = Release|Any CPU
		{1F841D60-B650-4AD7-BDE7-8AEAAFE80AF8}.Release|Any CPU.Build.0 = Release|Any CPU
	EndGlobalSection
	GlobalSection(SolutionProperties) = preSolution
		HideSolutionNode = FALSE
	EndGlobalSection
	GlobalSection(ExtensibilityGlobals) = postSolution
		SolutionGuid = {897C4607-FEC4-475E-B2C0-ABB237514807}
	EndGlobalSection
EndGlobal
