
Microsoft Visual Studio Solution File, Format Version 12.00
# Visual Studio Version 17
VisualStudioVersion = 17.10.34928.147
MinimumVisualStudioVersion = 10.0.40219.1
Project("{FAE04EC0-301F-11D3-BF4B-00C04F79EFBC}") = "BtisDataAccess", "BtisDataAccess\BtisDataAccess.csproj", "{E9900E43-7243-42DC-A1D8-12468AB07F57}"
EndProject
Global
	GlobalSection(SolutionConfigurationPlatforms) = preSolution
		Debug|Any CPU = Debug|Any CPU
		Release|Any CPU = Release|Any CPU
	EndGlobalSection
	GlobalSection(ProjectConfigurationPlatforms) = postSolution
		{E9900E43-7243-42DC-A1D8-12468AB07F57}.Debug|Any CPU.ActiveCfg = Debug|Any CPU
		{E9900E43-7243-42DC-A1D8-12468AB07F57}.Debug|Any CPU.Build.0 = Debug|Any CPU
		{E9900E43-7243-42DC-A1D8-12468AB07F57}.Release|Any CPU.ActiveCfg = Release|Any CPU
		{E9900E43-7243-42DC-A1D8-12468AB07F57}.Release|Any CPU.Build.0 = Release|Any CPU
	EndGlobalSection
	GlobalSection(SolutionProperties) = preSolution
		HideSolutionNode = FALSE
	EndGlobalSection
	GlobalSection(ExtensibilityGlobals) = postSolution
		SolutionGuid = {BFB82421-DCEF-4949-B7BE-D96B52C4C64C}
	EndGlobalSection
EndGlobal
