
Microsoft Visual Studio Solution File, Format Version 12.00
# Visual Studio Version 17
VisualStudioVersion = 17.10.34928.147
MinimumVisualStudioVersion = 10.0.40219.1
Project("{FAE04EC0-301F-11D3-BF4B-00C04F79EFBC}") = "BtisEntities", "BtisEntities\BtisEntities.csproj", "{AC33ECB3-913B-4A6E-94F1-208BE231E52C}"
EndProject
Global
	GlobalSection(SolutionConfigurationPlatforms) = preSolution
		Debug|Any CPU = Debug|Any CPU
		Release|Any CPU = Release|Any CPU
	EndGlobalSection
	GlobalSection(ProjectConfigurationPlatforms) = postSolution
		{AC33ECB3-913B-4A6E-94F1-208BE231E52C}.Debug|Any CPU.ActiveCfg = Debug|Any CPU
		{AC33ECB3-913B-4A6E-94F1-208BE231E52C}.Debug|Any CPU.Build.0 = Debug|Any CPU
		{AC33ECB3-913B-4A6E-94F1-208BE231E52C}.Release|Any CPU.ActiveCfg = Release|Any CPU
		{AC33ECB3-913B-4A6E-94F1-208BE231E52C}.Release|Any CPU.Build.0 = Release|Any CPU
	EndGlobalSection
	GlobalSection(SolutionProperties) = preSolution
		HideSolutionNode = FALSE
	EndGlobalSection
	GlobalSection(ExtensibilityGlobals) = postSolution
		SolutionGuid = {58B2C90A-513A-4F06-829C-E68C94623CDD}
	EndGlobalSection
EndGlobal
